version = 1
revision = 3
requires-python = ">=3.12"

[[package]]
name = "colorama"
version = "0.4.6"
source = { registry = "https://pypi.org/simple" }
sdist = { url = "https://files.pythonhosted.org/packages/d8/53/6f443c9a4a8358a93a6792e2acffb9d9d5cb0a5cfd8802644b7b1c9a02e4/colorama-0.4.6.tar.gz", hash = "sha256:08695f5cb7ed6e0531a20572697297273c47b8cae5a63ffc6d6ed5c201be6e44", size = 27697, upload-time = "2022-10-25T02:36:22.414Z" }
wheels = [
    { url = "https://files.pythonhosted.org/packages/d1/d6/3965ed04c63042e047cb6a3e6ed1a63a35087b6a609aa3a15ed8ac56c221/colorama-0.4.6-py2.py3-none-any.whl", hash = "sha256:4f1d9991f5acc0ca119f9d443620b77f9d6b33703e51011c16baf57afb285fc6", size = 25335, upload-time = "2022-10-25T02:36:20.889Z" },
]

[[package]]
name = "py-terser"
version = "0.1.0"
source = { editable = "." }

[package.optional-dependencies]
progress = [
    { name = "tqdm" },
]

[package.metadata]
requires-dist = [{ name = "tqdm", marker = "extra == 'progress'", specifier = ">=4.66.0" }]
provides-extras = ["progress"]

[[package]]
name = "tqdm"
version = "4.68.0"
source = { registry = "https://pypi.org/simple" }
dependencies = [
    { name = "colorama", marker = "sys_platform == 'win32'" },
]
sdist = { url = "https://files.pythonhosted.org/packages/6a/1e/a5e2602851e2a8c49372e3ed4d8437fa43c996941899af7aea6e30173a3d/tqdm-4.68.0.tar.gz", hash = "sha256:c627124266fe7904cabb70e88a940d75a06b889a0b11680307a67c18ce094f19", size = 170209, upload-time = "2026-06-05T13:17:20.095Z" }
wheels = [
    { url = "https://files.pythonhosted.org/packages/c2/51/ab57af723f38a041c5027040fc6fa93a9a066ca7294fc380c1c0810813b2/tqdm-4.68.0-py3-none-any.whl", hash = "sha256:b79a3ae57db4c870a55352e43abb33b329557cd75b1483028909286ff22a2c03", size = 78247, upload-time = "2026-06-05T13:17:18.272Z" },
]
